// !$*UTF8*$!
{
	archiveVersion = 1;
	classes = {
	};
	objectVersion = 46;
	objects = {

/* Begin PBXBuildFile section */
		804FD59418F0592700FA3AC4 /* SeleccionarColorViewController.m in Sources */ = {isa = PBXBuildFile; fileRef = 804FD59318F0592700FA3AC4 /* SeleccionarColorViewController.m */; };
		80B6C8C918F058C70010F486 /* Foundation.framework in Frameworks */ = {isa = PBXBuildFile; fileRef = 80B6C8C818F058C70010F486 /* Foundation.framework */; };
		80B6C8CB18F058C70010F486 /* CoreGraphics.framework in Frameworks */ = {isa = PBXBuildFile; fileRef = 80B6C8CA18F058C70010F486 /* CoreGraphics.framework */; };
		80B6C8CD18F058C70010F486 /* UIKit.framework in Frameworks */ = {isa = PBXBuildFile; fileRef = 80B6C8CC18F058C70010F486 /* UIKit.framework */; };
		80B6C8D318F058C70010F486 /* InfoPlist.strings in Resources */ = {isa = PBXBuildFile; fileRef = 80B6C8D118F058C70010F486 /* InfoPlist.strings */; };
		80B6C8D518F058C70010F486 /* main.m in Sources */ = {isa = PBXBuildFile; fileRef = 80B6C8D418F058C70010F486 /* main.m */; };
		80B6C8D918F058C70010F486 /* AppDelegate.m in Sources */ = {isa = PBXBuildFile; fileRef = 80B6C8D818F058C70010F486 /* AppDelegate.m */; };
		80B6C8DC18F058C70010F486 /* Main.storyboard in Resources */ = {isa = PBXBuildFile; fileRef = 80B6C8DA18F058C70010F486 /* Main.storyboard */; };
		80B6C8DF18F058C70010F486 /* ViewController.m in Sources */ = {isa = PBXBuildFile; fileRef = 80B6C8DE18F058C70010F486 /* ViewController.m */; };
		80B6C8E118F058C70010F486 /* Images.xcassets in Resources */ = {isa = PBXBuildFile; fileRef = 80B6C8E018F058C70010F486 /* Images.xcassets */; };
		80B6C8E818F058C70010F486 /* XCTest.framework in Frameworks */ = {isa = PBXBuildFile; fileRef = 80B6C8E718F058C70010F486 /* XCTest.framework */; };
		80B6C8E918F058C70010F486 /* Foundation.framework in Frameworks */ = {isa = PBXBuildFile; fileRef = 80B6C8C818F058C70010F486 /* Foundation.framework */; };
		80B6C8EA18F058C70010F486 /* UIKit.framework in Frameworks */ = {isa = PBXBuildFile; fileRef = 80B6C8CC18F058C70010F486 /* UIKit.framework */; };
		80B6C8F218F058C70010F486 /* InfoPlist.strings in Resources */ = {isa = PBXBuildFile; fileRef = 80B6C8F018F058C70010F486 /* InfoPlist.strings */; };
		80B6C8F418F058C70010F486 /* ColorConTablaTests.m in Sources */ = {isa = PBXBuildFile; fileRef = 80B6C8F318F058C70010F486 /* ColorConTablaTests.m */; };
/* End PBXBuildFile section */

/* Begin PBXContainerItemProxy section */
		80B6C8EB18F058C70010F486 /* PBXContainerItemProxy */ = {
			isa = PBXContainerItemProxy;
			containerPortal = 80B6C8BD18F058C70010F486 /* Project object */;
			proxyType = 1;
			remoteGlobalIDString = 80B6C8C418F058C70010F486;
			remoteInfo = ColorConTabla;
		};
/* End PBXContainerItemProxy section */

/* Begin PBXFileReference section */
		804FD59218F0592700FA3AC4 /* SeleccionarColorViewController.h */ = {isa = PBXFileReference; fileEncoding = 4; lastKnownFileType = sourcecode.c.h; path = SeleccionarColorViewController.h; sourceTree = "<group>"; };
		804FD59318F0592700FA3AC4 /* SeleccionarColorViewController.m */ = {isa = PBXFileReference; fileEncoding = 4; lastKnownFileType = sourcecode.c.objc; path = SeleccionarColorViewController.m; sourceTree = "<group>"; };
		80B6C8C518F058C70010F486 /* ColorConTabla.app */ = {isa = PBXFileReference; explicitFileType = wrapper.application; includeInIndex = 0; path = ColorConTabla.app; sourceTree = BUILT_PRODUCTS_DIR; };
		80B6C8C818F058C70010F486 /* Foundation.framework */ = {isa = PBXFileReference; lastKnownFileType = wrapper.framework; name = Foundation.framework; path = System/Library/Frameworks/Foundation.framework; sourceTree = SDKROOT; };
		80B6C8CA18F058C70010F486 /* CoreGraphics.framework */ = {isa = PBXFileReference; lastKnownFileType = wrapper.framework; name = CoreGraphics.framework; path = System/Library/Frameworks/CoreGraphics.framework; sourceTree = SDKROOT; };
		80B6C8CC18F058C70010F486 /* UIKit.framework */ = {isa = PBXFileReference; lastKnownFileType = wrapper.framework; name = UIKit.framework; path = System/Library/Frameworks/UIKit.framework; sourceTree = SDKROOT; };
		80B6C8D018F058C70010F486 /* ColorConTabla-Info.plist */ = {isa = PBXFileReference; lastKnownFileType = text.plist.xml; path = "ColorConTabla-Info.plist"; sourceTree = "<group>"; };
		80B6C8D218F058C70010F486 /* en */ = {isa = PBXFileReference; lastKnownFileType = text.plist.strings; name = en; path = en.lproj/InfoPlist.strings; sourceTree = "<group>"; };
		80B6C8D418F058C70010F486 /* main.m */ = {isa = PBXFileReference; lastKnownFileType = sourcecode.c.objc; path = main.m; sourceTree = "<group>"; };
		80B6C8D618F058C70010F486 /* ColorConTabla-Prefix.pch */ = {isa = PBXFileReference; lastKnownFileType = sourcecode.c.h; path = "ColorConTabla-Prefix.pch"; sourceTree = "<group>"; };
		80B6C8D718F058C70010F486 /* AppDelegate.h */ = {isa = PBXFileReference; lastKnownFileType = sourcecode.c.h; path = AppDelegate.h; sourceTree = "<group>"; };
		80B6C8D818F058C70010F486 /* AppDelegate.m */ = {isa = PBXFileReference; lastKnownFileType = sourcecode.c.objc; path = AppDelegate.m; sourceTree = "<group>"; };
		80B6C8DB18F058C70010F486 /* Base */ = {isa = PBXFileReference; lastKnownFileType = file.storyboard; name = Base; path = Base.lproj/Main.storyboard; sourceTree = "<group>"; };
		80B6C8DD18F058C70010F486 /* ViewController.h */ = {isa = PBXFileReference; lastKnownFileType = sourcecode.c.h; path = ViewController.h; sourceTree = "<group>"; };
		80B6C8DE18F058C70010F486 /* ViewController.m */ = {isa = PBXFileReference; lastKnownFileType = sourcecode.c.objc; path = ViewController.m; sourceTree = "<group>"; };
		80B6C8E018F058C70010F486 /* Images.xcassets */ = {isa = PBXFileReference; lastKnownFileType = folder.assetcatalog; path = Images.xcassets; sourceTree = "<group>"; };
		80B6C8E618F058C70010F486 /* ColorConTablaTests.xctest */ = {isa = PBXFileReference; explicitFileType = wrapper.cfbundle; includeInIndex = 0; path = ColorConTablaTests.xctest; sourceTree = BUILT_PRODUCTS_DIR; };
		80B6C8E718F058C70010F486 /* XCTest.framework */ = {isa = PBXFileReference; lastKnownFileType = wrapper.framework; name = XCTest.framework; path = Library/Frameworks/XCTest.framework; sourceTree = DEVELOPER_DIR; };
		80B6C8EF18F058C70010F486 /* ColorConTablaTests-Info.plist */ = {isa = PBXFileReference; lastKnownFileType = text.plist.xml; path = "ColorConTablaTests-Info.plist"; sourceTree = "<group>"; };
		80B6C8F118F058C70010F486 /* en */ = {isa = PBXFileReference; lastKnownFileType = text.plist.strings; name = en; path = en.lproj/InfoPlist.strings; sourceTree = "<group>"; };
		80B6C8F318F058C70010F486 /* ColorConTablaTests.m */ = {isa = PBXFileReference; lastKnownFileType = sourcecode.c.objc; path = ColorConTablaTests.m; sourceTree = "<group>"; };
/* End PBXFileReference section */

/* Begin PBXFrameworksBuildPhase section */
		80B6C8C218F058C70010F486 /* Frameworks */ = {
			isa = PBXFrameworksBuildPhase;
			buildActionMask = 2147483647;
			files = (
				80B6C8CB18F058C70010F486 /* CoreGraphics.framework in Frameworks */,
				80B6C8CD18F058C70010F486 /* UIKit.framework in Frameworks */,
				80B6C8C918F058C70010F486 /* Foundation.framework in Frameworks */,
			);
			runOnlyForDeploymentPostprocessing = 0;
		};
		80B6C8E318F058C70010F486 /* Frameworks */ = {
			isa = PBXFrameworksBuildPhase;
			buildActionMask = 2147483647;
			files = (
				80B6C8E818F058C70010F486 /* XCTest.framework in Frameworks */,
				80B6C8EA18F058C70010F486 /* UIKit.framework in Frameworks */,
				80B6C8E918F058C70010F486 /* Foundation.framework in Frameworks */,
			);
			runOnlyForDeploymentPostprocessing = 0;
		};
/* End PBXFrameworksBuildPhase section */

/* Begin PBXGroup section */
		80B6C8BC18F058C70010F486 = {
			isa = PBXGroup;
			children = (
				80B6C8CE18F058C70010F486 /* ColorConTabla */,
				80B6C8ED18F058C70010F486 /* ColorConTablaTests */,
				80B6C8C718F058C70010F486 /* Frameworks */,
				80B6C8C618F058C70010F486 /* Products */,
			);
			sourceTree = "<group>";
		};
		80B6C8C618F058C70010F486 /* Products */ = {
			isa = PBXGroup;
			children = (
				80B6C8C518F058C70010F486 /* ColorConTabla.app */,
				80B6C8E618F058C70010F486 /* ColorConTablaTests.xctest */,
			);
			name = Products;
			sourceTree = "<group>";
		};
		80B6C8C718F058C70010F486 /* Frameworks */ = {
			isa = PBXGroup;
			children = (
				80B6C8C818F058C70010F486 /* Foundation.framework */,
				80B6C8CA18F058C70010F486 /* CoreGraphics.framework */,
				80B6C8CC18F058C70010F486 /* UIKit.framework */,
				80B6C8E718F058C70010F486 /* XCTest.framework */,
			);
			name = Frameworks;
			sourceTree = "<group>";
		};
		80B6C8CE18F058C70010F486 /* ColorConTabla */ = {
			isa = PBXGroup;
			children = (
				80B6C8D718F058C70010F486 /* AppDelegate.h */,
				80B6C8D818F058C70010F486 /* AppDelegate.m */,
				80B6C8DA18F058C70010F486 /* Main.storyboard */,
				80B6C8DD18F058C70010F486 /* ViewController.h */,
				80B6C8DE18F058C70010F486 /* ViewController.m */,
				80B6C8E018F058C70010F486 /* Images.xcassets */,
				80B6C8CF18F058C70010F486 /* Supporting Files */,
				804FD59218F0592700FA3AC4 /* SeleccionarColorViewController.h */,
				804FD59318F0592700FA3AC4 /* SeleccionarColorViewController.m */,
			);
			path = ColorConTabla;
			sourceTree = "<group>";
		};
		80B6C8CF18F058C70010F486 /* Supporting Files */ = {
			isa = PBXGroup;
			children = (
				80B6C8D018F058C70010F486 /* ColorConTabla-Info.plist */,
				80B6C8D118F058C70010F486 /* InfoPlist.strings */,
				80B6C8D418F058C70010F486 /* main.m */,
				80B6C8D618F058C70010F486 /* ColorConTabla-Prefix.pch */,
			);
			name = "Supporting Files";
			sourceTree = "<group>";
		};
		80B6C8ED18F058C70010F486 /* ColorConTablaTests */ = {
			isa = PBXGroup;
			children = (
				80B6C8F318F058C70010F486 /* ColorConTablaTests.m */,
				80B6C8EE18F058C70010F486 /* Supporting Files */,
			);
			path = ColorConTablaTests;
			sourceTree = "<group>";
		};
		80B6C8EE18F058C70010F486 /* Supporting Files */ = {
			isa = PBXGroup;
			children = (
				80B6C8EF18F058C70010F486 /* ColorConTablaTests-Info.plist */,
				80B6C8F018F058C70010F486 /* InfoPlist.strings */,
			);
			name = "Supporting Files";
			sourceTree = "<group>";
		};
/* End PBXGroup section */

/* Begin PBXNativeTarget section */
		80B6C8C418F058C70010F486 /* ColorConTabla */ = {
			isa = PBXNativeTarget;
			buildConfigurationList = 80B6C8F718F058C70010F486 /* Build configuration list for PBXNativeTarget "ColorConTabla" */;
			buildPhases = (
				80B6C8C118F058C70010F486 /* Sources */,
				80B6C8C218F058C70010F486 /* Frameworks */,
				80B6C8C318F058C70010F486 /* Resources */,
			);
			buildRules = (
			);
			dependencies = (
			);
			name = ColorConTabla;
			productName = ColorConTabla;
			productReference = 80B6C8C518F058C70010F486 /* ColorConTabla.app */;
			productType = "com.apple.product-type.application";
		};
		80B6C8E518F058C70010F486 /* ColorConTablaTests */ = {
			isa = PBXNativeTarget;
			buildConfigurationList = 80B6C8FA18F058C70010F486 /* Build configuration list for PBXNativeTarget "ColorConTablaTests" */;
			buildPhases = (
				80B6C8E218F058C70010F486 /* Sources */,
				80B6C8E318F058C70010F486 /* Frameworks */,
				80B6C8E418F058C70010F486 /* Resources */,
			);
			buildRules = (
			);
			dependencies = (
				80B6C8EC18F058C70010F486 /* PBXTargetDependency */,
			);
			name = ColorConTablaTests;
			productName = ColorConTablaTests;
			productReference = 80B6C8E618F058C70010F486 /* ColorConTablaTests.xctest */;
			productType = "com.apple.product-type.bundle.unit-test";
		};
/* End PBXNativeTarget section */

/* Begin PBXProject section */
		80B6C8BD18F058C70010F486 /* Project object */ = {
			isa = PBXProject;
			attributes = {
				LastUpgradeCheck = 0500;
				ORGANIZATIONNAME = "Franti Saúl Huamán Mera";
				TargetAttributes = {
					80B6C8E518F058C70010F486 = {
						TestTargetID = 80B6C8C418F058C70010F486;
					};
				};
			};
			buildConfigurationList = 80B6C8C018F058C70010F486 /* Build configuration list for PBXProject "ColorConTabla" */;
			compatibilityVersion = "Xcode 3.2";
			developmentRegion = English;
			hasScannedForEncodings = 0;
			knownRegions = (
				en,
				Base,
			);
			mainGroup = 80B6C8BC18F058C70010F486;
			productRefGroup = 80B6C8C618F058C70010F486 /* Products */;
			projectDirPath = "";
			projectRoot = "";
			targets = (
				80B6C8C418F058C70010F486 /* ColorConTabla */,
				80B6C8E518F058C70010F486 /* ColorConTablaTests */,
			);
		};
/* End PBXProject section */

/* Begin PBXResourcesBuildPhase section */
		80B6C8C318F058C70010F486 /* Resources */ = {
			isa = PBXResourcesBuildPhase;
			buildActionMask = 2147483647;
			files = (
				80B6C8E118F058C70010F486 /* Images.xcassets in Resources */,
				80B6C8D318F058C70010F486 /* InfoPlist.strings in Resources */,
				80B6C8DC18F058C70010F486 /* Main.storyboard in Resources */,
			);
			runOnlyForDeploymentPostprocessing = 0;
		};
		80B6C8E418F058C70010F486 /* Resources */ = {
			isa = PBXResourcesBuildPhase;
			buildActionMask = 2147483647;
			files = (
				80B6C8F218F058C70010F486 /* InfoPlist.strings in Resources */,
			);
			runOnlyForDeploymentPostprocessing = 0;
		};
/* End PBXResourcesBuildPhase section */

/* Begin PBXSourcesBuildPhase section */
		80B6C8C118F058C70010F486 /* Sources */ = {
			isa = PBXSourcesBuildPhase;
			buildActionMask = 2147483647;
			files = (
				80B6C8DF18F058C70010F486 /* ViewController.m in Sources */,
				80B6C8D918F058C70010F486 /* AppDelegate.m in Sources */,
				804FD59418F0592700FA3AC4 /* SeleccionarColorViewController.m in Sources */,
				80B6C8D518F058C70010F486 /* main.m in Sources */,
			);
			runOnlyForDeploymentPostprocessing = 0;
		};
		80B6C8E218F058C70010F486 /* Sources */ = {
			isa = PBXSourcesBuildPhase;
			buildActionMask = 2147483647;
			files = (
				80B6C8F418F058C70010F486 /* ColorConTablaTests.m in Sources */,
			);
			runOnlyForDeploymentPostprocessing = 0;
		};
/* End PBXSourcesBuildPhase section */

/* Begin PBXTargetDependency section */
		80B6C8EC18F058C70010F486 /* PBXTargetDependency */ = {
			isa = PBXTargetDependency;
			target = 80B6C8C418F058C70010F486 /* ColorConTabla */;
			targetProxy = 80B6C8EB18F058C70010F486 /* PBXContainerItemProxy */;
		};
/* End PBXTargetDependency section */

/* Begin PBXVariantGroup section */
		80B6C8D118F058C70010F486 /* InfoPlist.strings */ = {
			isa = PBXVariantGroup;
			children = (
				80B6C8D218F058C70010F486 /* en */,
			);
			name = InfoPlist.strings;
			sourceTree = "<group>";
		};
		80B6C8DA18F058C70010F486 /* Main.storyboard */ = {
			isa = PBXVariantGroup;
			children = (
				80B6C8DB18F058C70010F486 /* Base */,
			);
			name = Main.storyboard;
			sourceTree = "<group>";
		};
		80B6C8F018F058C70010F486 /* InfoPlist.strings */ = {
			isa = PBXVariantGroup;
			children = (
				80B6C8F118F058C70010F486 /* en */,
			);
			name = InfoPlist.strings;
			sourceTree = "<group>";
		};
/* End PBXVariantGroup section */

/* Begin XCBuildConfiguration section */
		80B6C8F518F058C70010F486 /* Debug */ = {
			isa = XCBuildConfiguration;
			buildSettings = {
				ALWAYS_SEARCH_USER_PATHS = NO;
				ARCHS = "$(ARCHS_STANDARD_INCLUDING_64_BIT)";
				CLANG_CXX_LANGUAGE_STANDARD = "gnu++0x";
				CLANG_CXX_LIBRARY = "libc++";
				CLANG_ENABLE_MODULES = YES;
				CLANG_ENABLE_OBJC_ARC = YES;
				CLANG_WARN_BOOL_CONVERSION = YES;
				CLANG_WARN_CONSTANT_CONVERSION = YES;
				CLANG_WARN_DIRECT_OBJC_ISA_USAGE = YES_ERROR;
				CLANG_WARN_EMPTY_BODY = YES;
				CLANG_WARN_ENUM_CONVERSION = YES;
				CLANG_WARN_INT_CONVERSION = YES;
				CLANG_WARN_OBJC_ROOT_CLASS = YES_ERROR;
				CLANG_WARN__DUPLICATE_METHOD_MATCH = YES;
				"CODE_SIGN_IDENTITY[sdk=iphoneos*]" = "iPhone Developer";
				COPY_PHASE_STRIP = NO;
				GCC_C_LANGUAGE_STANDARD = gnu99;
				GCC_DYNAMIC_NO_PIC = NO;
				GCC_OPTIMIZATION_LEVEL = 0;
				GCC_PREPROCESSOR_DEFINITIONS = (
					"DEBUG=1",
					"$(inherited)",
				);
				GCC_SYMBOLS_PRIVATE_EXTERN = NO;
				GCC_WARN_64_TO_32_BIT_CONVERSION = YES;
				GCC_WARN_ABOUT_RETURN_TYPE = YES_ERROR;
				GCC_WARN_UNDECLARED_SELECTOR = YES;
				GCC_WARN_UNINITIALIZED_AUTOS = YES;
				GCC_WARN_UNUSED_FUNCTION = YES;
				GCC_WARN_UNUSED_VARIABLE = YES;
				IPHONEOS_DEPLOYMENT_TARGET = 7.0;
				ONLY_ACTIVE_ARCH = YES;
				SDKROOT = iphoneos;
			};
			name = Debug;
		};
		80B6C8F618F058C70010F486 /* Release */ = {
			isa = XCBuildConfiguration;
			buildSettings = {
				ALWAYS_SEARCH_USER_PATHS = NO;
				ARCHS = "$(ARCHS_STANDARD_INCLUDING_64_BIT)";
				CLANG_CXX_LANGUAGE_STANDARD = "gnu++0x";
				CLANG_CXX_LIBRARY = "libc++";
				CLANG_ENABLE_MODULES = YES;
				CLANG_ENABLE_OBJC_ARC = YES;
				CLANG_WARN_BOOL_CONVERSION = YES;
				CLANG_WARN_CONSTANT_CONVERSION = YES;
				CLANG_WARN_DIRECT_OBJC_ISA_USAGE = YES_ERROR;
				CLANG_WARN_EMPTY_BODY = YES;
				CLANG_WARN_ENUM_CONVERSION = YES;
				CLANG_WARN_INT_CONVERSION = YES;
				CLANG_WARN_OBJC_ROOT_CLASS = YES_ERROR;
				CLANG_WARN__DUPLICATE_METHOD_MATCH = YES;
				"CODE_SIGN_IDENTITY[sdk=iphoneos*]" = "iPhone Developer";
				COPY_PHASE_STRIP = YES;
				ENABLE_NS_ASSERTIONS = NO;
				GCC_C_LANGUAGE_STANDARD = gnu99;
				GCC_WARN_64_TO_32_BIT_CONVERSION = YES;
				GCC_WARN_ABOUT_RETURN_TYPE = YES_ERROR;
				GCC_WARN_UNDECLARED_SELECTOR = YES;
				GCC_WARN_UNINITIALIZED_AUTOS = YES;
				GCC_WARN_UNUSED_FUNCTION = YES;
				GCC_WARN_UNUSED_VARIABLE = YES;
				IPHONEOS_DEPLOYMENT_TARGET = 7.0;
				SDKROOT = iphoneos;
				VALIDATE_PRODUCT = YES;
			};
			name = Release;
		};
		80B6C8F818F058C70010F486 /* Debug */ = {
			isa = XCBuildConfiguration;
			buildSettings = {
				ASSETCATALOG_COMPILER_APPICON_NAME = AppIcon;
				ASSETCATALOG_COMPILER_LAUNCHIMAGE_NAME = LaunchImage;
				GCC_PRECOMPILE_PREFIX_HEADER = YES;
				GCC_PREFIX_HEADER = "ColorConTabla/ColorConTabla-Prefix.pch";
				INFOPLIST_FILE = "ColorConTabla/ColorConTabla-Info.plist";
				PRODUCT_NAME = "$(TARGET_NAME)";
				WRAPPER_EXTENSION = app;
			};
			name = Debug;
		};
		80B6C8F918F058C70010F486 /* Release */ = {
			isa = XCBuildConfiguration;
			buildSettings = {
				ASSETCATALOG_COMPILER_APPICON_NAME = AppIcon;
				ASSETCATALOG_COMPILER_LAUNCHIMAGE_NAME = LaunchImage;
				GCC_PRECOMPILE_PREFIX_HEADER = YES;
				GCC_PREFIX_HEADER = "ColorConTabla/ColorConTabla-Prefix.pch";
				INFOPLIST_FILE = "ColorConTabla/ColorConTabla-Info.plist";
				PRODUCT_NAME = "$(TARGET_NAME)";
				WRAPPER_EXTENSION = app;
			};
			name = Release;
		};
		80B6C8FB18F058C70010F486 /* Debug */ = {
			isa = XCBuildConfiguration;
			buildSettings = {
				ARCHS = "$(ARCHS_STANDARD_INCLUDING_64_BIT)";
				BUNDLE_LOADER = "$(BUILT_PRODUCTS_DIR)/ColorConTabla.app/ColorConTabla";
				FRAMEWORK_SEARCH_PATHS = (
					"$(SDKROOT)/Developer/Library/Frameworks",
					"$(inherited)",
					"$(DEVELOPER_FRAMEWORKS_DIR)",
				);
				GCC_PRECOMPILE_PREFIX_HEADER = YES;
				GCC_PREFIX_HEADER = "ColorConTabla/ColorConTabla-Prefix.pch";
				GCC_PREPROCESSOR_DEFINITIONS = (
					"DEBUG=1",
					"$(inherited)",
				);
				INFOPLIST_FILE = "ColorConTablaTests/ColorConTablaTests-Info.plist";
				PRODUCT_NAME = "$(TARGET_NAME)";
				TEST_HOST = "$(BUNDLE_LOADER)";
				WRAPPER_EXTENSION = xctest;
			};
			name = Debug;
		};
		80B6C8FC18F058C70010F486 /* Release */ = {
			isa = XCBuildConfiguration;
			buildSettings = {
				ARCHS = "$(ARCHS_STANDARD_INCLUDING_64_BIT)";
				BUNDLE_LOADER = "$(BUILT_PRODUCTS_DIR)/ColorConTabla.app/ColorConTabla";
				FRAMEWORK_SEARCH_PATHS = (
					"$(SDKROOT)/Developer/Library/Frameworks",
					"$(inherited)",
					"$(DEVELOPER_FRAMEWORKS_DIR)",
				);
				GCC_PRECOMPILE_PREFIX_HEADER = YES;
				GCC_PREFIX_HEADER = "ColorConTabla/ColorConTabla-Prefix.pch";
				INFOPLIST_FILE = "ColorConTablaTests/ColorConTablaTests-Info.plist";
				PRODUCT_NAME = "$(TARGET_NAME)";
				TEST_HOST = "$(BUNDLE_LOADER)";
				WRAPPER_EXTENSION = xctest;
			};
			name = Release;
		};
/* End XCBuildConfiguration section */

/* Begin XCConfigurationList section */
		80B6C8C018F058C70010F486 /* Build configuration list for PBXProject "ColorConTabla" */ = {
			isa = XCConfigurationList;
			buildConfigurations = (
				80B6C8F518F058C70010F486 /* Debug */,
				80B6C8F618F058C70010F486 /* Release */,
			);
			defaultConfigurationIsVisible = 0;
			defaultConfigurationName = Release;
		};
		80B6C8F718F058C70010F486 /* Build configuration list for PBXNativeTarget "ColorConTabla" */ = {
			isa = XCConfigurationList;
			buildConfigurations = (
				80B6C8F818F058C70010F486 /* Debug */,
				80B6C8F918F058C70010F486 /* Release */,
			);
			defaultConfigurationIsVisible = 0;
			defaultConfigurationName = Release;
		};
		80B6C8FA18F058C70010F486 /* Build configuration list for PBXNativeTarget "ColorConTablaTests" */ = {
			isa = XCConfigurationList;
			buildConfigurations = (
				80B6C8FB18F058C70010F486 /* Debug */,
				80B6C8FC18F058C70010F486 /* Release */,
			);
			defaultConfigurationIsVisible = 0;
			defaultConfigurationName = Release;
		};
/* End XCConfigurationList section */
	};
	rootObject = 80B6C8BD18F058C70010F486 /* Project object */;
}
