// !$*UTF8*$!
{
	archiveVersion = 1;
	classes = {
	};
	objectVersion = 46;
	objects = {

/* Begin PBXBuildFile section */
		80C9A21218D4CFE900B45DCD /* Foundation.framework in Frameworks */ = {isa = PBXBuildFile; fileRef = 80C9A21118D4CFE900B45DCD /* Foundation.framework */; };
		80C9A21418D4CFE900B45DCD /* CoreGraphics.framework in Frameworks */ = {isa = PBXBuildFile; fileRef = 80C9A21318D4CFE900B45DCD /* CoreGraphics.framework */; };
		80C9A21618D4CFE900B45DCD /* UIKit.framework in Frameworks */ = {isa = PBXBuildFile; fileRef = 80C9A21518D4CFE900B45DCD /* UIKit.framework */; };
		80C9A21C18D4CFE900B45DCD /* InfoPlist.strings in Resources */ = {isa = PBXBuildFile; fileRef = 80C9A21A18D4CFE900B45DCD /* InfoPlist.strings */; };
		80C9A21E18D4CFE900B45DCD /* main.m in Sources */ = {isa = PBXBuildFile; fileRef = 80C9A21D18D4CFE900B45DCD /* main.m */; };
		80C9A22218D4CFE900B45DCD /* AppDelegate.m in Sources */ = {isa = PBXBuildFile; fileRef = 80C9A22118D4CFE900B45DCD /* AppDelegate.m */; };
		80C9A22518D4CFE900B45DCD /* Main.storyboard in Resources */ = {isa = PBXBuildFile; fileRef = 80C9A22318D4CFE900B45DCD /* Main.storyboard */; };
		80C9A22818D4CFE900B45DCD /* ViewController.m in Sources */ = {isa = PBXBuildFile; fileRef = 80C9A22718D4CFE900B45DCD /* ViewController.m */; };
		80C9A22A18D4CFE900B45DCD /* Images.xcassets in Resources */ = {isa = PBXBuildFile; fileRef = 80C9A22918D4CFE900B45DCD /* Images.xcassets */; };
		80C9A23118D4CFE900B45DCD /* XCTest.framework in Frameworks */ = {isa = PBXBuildFile; fileRef = 80C9A23018D4CFE900B45DCD /* XCTest.framework */; };
		80C9A23218D4CFE900B45DCD /* Foundation.framework in Frameworks */ = {isa = PBXBuildFile; fileRef = 80C9A21118D4CFE900B45DCD /* Foundation.framework */; };
		80C9A23318D4CFE900B45DCD /* UIKit.framework in Frameworks */ = {isa = PBXBuildFile; fileRef = 80C9A21518D4CFE900B45DCD /* UIKit.framework */; };
		80C9A23B18D4CFE900B45DCD /* InfoPlist.strings in Resources */ = {isa = PBXBuildFile; fileRef = 80C9A23918D4CFE900B45DCD /* InfoPlist.strings */; };
		80C9A23D18D4CFE900B45DCD /* EjercicioNavControllerTests.m in Sources */ = {isa = PBXBuildFile; fileRef = 80C9A23C18D4CFE900B45DCD /* EjercicioNavControllerTests.m */; };
		80C9A24818D4D13500B45DCD /* Flujo2ViewController.m in Sources */ = {isa = PBXBuildFile; fileRef = 80C9A24718D4D13500B45DCD /* Flujo2ViewController.m */; };
		80C9A24B18D4D14100B45DCD /* Flujo3ViewController.m in Sources */ = {isa = PBXBuildFile; fileRef = 80C9A24A18D4D14100B45DCD /* Flujo3ViewController.m */; };
/* End PBXBuildFile section */

/* Begin PBXContainerItemProxy section */
		80C9A23418D4CFE900B45DCD /* PBXContainerItemProxy */ = {
			isa = PBXContainerItemProxy;
			containerPortal = 80C9A20618D4CFE900B45DCD /* Project object */;
			proxyType = 1;
			remoteGlobalIDString = 80C9A20D18D4CFE900B45DCD;
			remoteInfo = EjercicioNavController;
		};
/* End PBXContainerItemProxy section */

/* Begin PBXFileReference section */
		80C9A20E18D4CFE900B45DCD /* EjercicioNavController.app */ = {isa = PBXFileReference; explicitFileType = wrapper.application; includeInIndex = 0; path = EjercicioNavController.app; sourceTree = BUILT_PRODUCTS_DIR; };
		80C9A21118D4CFE900B45DCD /* Foundation.framework */ = {isa = PBXFileReference; lastKnownFileType = wrapper.framework; name = Foundation.framework; path = System/Library/Frameworks/Foundation.framework; sourceTree = SDKROOT; };
		80C9A21318D4CFE900B45DCD /* CoreGraphics.framework */ = {isa = PBXFileReference; lastKnownFileType = wrapper.framework; name = CoreGraphics.framework; path = System/Library/Frameworks/CoreGraphics.framework; sourceTree = SDKROOT; };
		80C9A21518D4CFE900B45DCD /* UIKit.framework */ = {isa = PBXFileReference; lastKnownFileType = wrapper.framework; name = UIKit.framework; path = System/Library/Frameworks/UIKit.framework; sourceTree = SDKROOT; };
		80C9A21918D4CFE900B45DCD /* EjercicioNavController-Info.plist */ = {isa = PBXFileReference; lastKnownFileType = text.plist.xml; path = "EjercicioNavController-Info.plist"; sourceTree = "<group>"; };
		80C9A21B18D4CFE900B45DCD /* en */ = {isa = PBXFileReference; lastKnownFileType = text.plist.strings; name = en; path = en.lproj/InfoPlist.strings; sourceTree = "<group>"; };
		80C9A21D18D4CFE900B45DCD /* main.m */ = {isa = PBXFileReference; lastKnownFileType = sourcecode.c.objc; path = main.m; sourceTree = "<group>"; };
		80C9A21F18D4CFE900B45DCD /* EjercicioNavController-Prefix.pch */ = {isa = PBXFileReference; lastKnownFileType = sourcecode.c.h; path = "EjercicioNavController-Prefix.pch"; sourceTree = "<group>"; };
		80C9A22018D4CFE900B45DCD /* AppDelegate.h */ = {isa = PBXFileReference; lastKnownFileType = sourcecode.c.h; path = AppDelegate.h; sourceTree = "<group>"; };
		80C9A22118D4CFE900B45DCD /* AppDelegate.m */ = {isa = PBXFileReference; lastKnownFileType = sourcecode.c.objc; path = AppDelegate.m; sourceTree = "<group>"; };
		80C9A22418D4CFE900B45DCD /* Base */ = {isa = PBXFileReference; lastKnownFileType = file.storyboard; name = Base; path = Base.lproj/Main.storyboard; sourceTree = "<group>"; };
		80C9A22618D4CFE900B45DCD /* ViewController.h */ = {isa = PBXFileReference; lastKnownFileType = sourcecode.c.h; path = ViewController.h; sourceTree = "<group>"; };
		80C9A22718D4CFE900B45DCD /* ViewController.m */ = {isa = PBXFileReference; lastKnownFileType = sourcecode.c.objc; path = ViewController.m; sourceTree = "<group>"; };
		80C9A22918D4CFE900B45DCD /* Images.xcassets */ = {isa = PBXFileReference; lastKnownFileType = folder.assetcatalog; path = Images.xcassets; sourceTree = "<group>"; };
		80C9A22F18D4CFE900B45DCD /* EjercicioNavControllerTests.xctest */ = {isa = PBXFileReference; explicitFileType = wrapper.cfbundle; includeInIndex = 0; path = EjercicioNavControllerTests.xctest; sourceTree = BUILT_PRODUCTS_DIR; };
		80C9A23018D4CFE900B45DCD /* XCTest.framework */ = {isa = PBXFileReference; lastKnownFileType = wrapper.framework; name = XCTest.framework; path = Library/Frameworks/XCTest.framework; sourceTree = DEVELOPER_DIR; };
		80C9A23818D4CFE900B45DCD /* EjercicioNavControllerTests-Info.plist */ = {isa = PBXFileReference; lastKnownFileType = text.plist.xml; path = "EjercicioNavControllerTests-Info.plist"; sourceTree = "<group>"; };
		80C9A23A18D4CFE900B45DCD /* en */ = {isa = PBXFileReference; lastKnownFileType = text.plist.strings; name = en; path = en.lproj/InfoPlist.strings; sourceTree = "<group>"; };
		80C9A23C18D4CFE900B45DCD /* EjercicioNavControllerTests.m */ = {isa = PBXFileReference; lastKnownFileType = sourcecode.c.objc; path = EjercicioNavControllerTests.m; sourceTree = "<group>"; };
		80C9A24618D4D13500B45DCD /* Flujo2ViewController.h */ = {isa = PBXFileReference; fileEncoding = 4; lastKnownFileType = sourcecode.c.h; path = Flujo2ViewController.h; sourceTree = "<group>"; };
		80C9A24718D4D13500B45DCD /* Flujo2ViewController.m */ = {isa = PBXFileReference; fileEncoding = 4; lastKnownFileType = sourcecode.c.objc; path = Flujo2ViewController.m; sourceTree = "<group>"; };
		80C9A24918D4D14100B45DCD /* Flujo3ViewController.h */ = {isa = PBXFileReference; fileEncoding = 4; lastKnownFileType = sourcecode.c.h; path = Flujo3ViewController.h; sourceTree = "<group>"; };
		80C9A24A18D4D14100B45DCD /* Flujo3ViewController.m */ = {isa = PBXFileReference; fileEncoding = 4; lastKnownFileType = sourcecode.c.objc; path = Flujo3ViewController.m; sourceTree = "<group>"; };
/* End PBXFileReference section */

/* Begin PBXFrameworksBuildPhase section */
		80C9A20B18D4CFE900B45DCD /* Frameworks */ = {
			isa = PBXFrameworksBuildPhase;
			buildActionMask = 2147483647;
			files = (
				80C9A21418D4CFE900B45DCD /* CoreGraphics.framework in Frameworks */,
				80C9A21618D4CFE900B45DCD /* UIKit.framework in Frameworks */,
				80C9A21218D4CFE900B45DCD /* Foundation.framework in Frameworks */,
			);
			runOnlyForDeploymentPostprocessing = 0;
		};
		80C9A22C18D4CFE900B45DCD /* Frameworks */ = {
			isa = PBXFrameworksBuildPhase;
			buildActionMask = 2147483647;
			files = (
				80C9A23118D4CFE900B45DCD /* XCTest.framework in Frameworks */,
				80C9A23318D4CFE900B45DCD /* UIKit.framework in Frameworks */,
				80C9A23218D4CFE900B45DCD /* Foundation.framework in Frameworks */,
			);
			runOnlyForDeploymentPostprocessing = 0;
		};
/* End PBXFrameworksBuildPhase section */

/* Begin PBXGroup section */
		80C9A20518D4CFE900B45DCD = {
			isa = PBXGroup;
			children = (
				80C9A21718D4CFE900B45DCD /* EjercicioNavController */,
				80C9A23618D4CFE900B45DCD /* EjercicioNavControllerTests */,
				80C9A21018D4CFE900B45DCD /* Frameworks */,
				80C9A20F18D4CFE900B45DCD /* Products */,
			);
			sourceTree = "<group>";
		};
		80C9A20F18D4CFE900B45DCD /* Products */ = {
			isa = PBXGroup;
			children = (
				80C9A20E18D4CFE900B45DCD /* EjercicioNavController.app */,
				80C9A22F18D4CFE900B45DCD /* EjercicioNavControllerTests.xctest */,
			);
			name = Products;
			sourceTree = "<group>";
		};
		80C9A21018D4CFE900B45DCD /* Frameworks */ = {
			isa = PBXGroup;
			children = (
				80C9A21118D4CFE900B45DCD /* Foundation.framework */,
				80C9A21318D4CFE900B45DCD /* CoreGraphics.framework */,
				80C9A21518D4CFE900B45DCD /* UIKit.framework */,
				80C9A23018D4CFE900B45DCD /* XCTest.framework */,
			);
			name = Frameworks;
			sourceTree = "<group>";
		};
		80C9A21718D4CFE900B45DCD /* EjercicioNavController */ = {
			isa = PBXGroup;
			children = (
				80C9A22018D4CFE900B45DCD /* AppDelegate.h */,
				80C9A22118D4CFE900B45DCD /* AppDelegate.m */,
				80C9A22318D4CFE900B45DCD /* Main.storyboard */,
				80C9A22618D4CFE900B45DCD /* ViewController.h */,
				80C9A22718D4CFE900B45DCD /* ViewController.m */,
				80C9A22918D4CFE900B45DCD /* Images.xcassets */,
				80C9A21818D4CFE900B45DCD /* Supporting Files */,
				80C9A24618D4D13500B45DCD /* Flujo2ViewController.h */,
				80C9A24718D4D13500B45DCD /* Flujo2ViewController.m */,
				80C9A24918D4D14100B45DCD /* Flujo3ViewController.h */,
				80C9A24A18D4D14100B45DCD /* Flujo3ViewController.m */,
			);
			path = EjercicioNavController;
			sourceTree = "<group>";
		};
		80C9A21818D4CFE900B45DCD /* Supporting Files */ = {
			isa = PBXGroup;
			children = (
				80C9A21918D4CFE900B45DCD /* EjercicioNavController-Info.plist */,
				80C9A21A18D4CFE900B45DCD /* InfoPlist.strings */,
				80C9A21D18D4CFE900B45DCD /* main.m */,
				80C9A21F18D4CFE900B45DCD /* EjercicioNavController-Prefix.pch */,
			);
			name = "Supporting Files";
			sourceTree = "<group>";
		};
		80C9A23618D4CFE900B45DCD /* EjercicioNavControllerTests */ = {
			isa = PBXGroup;
			children = (
				80C9A23C18D4CFE900B45DCD /* EjercicioNavControllerTests.m */,
				80C9A23718D4CFE900B45DCD /* Supporting Files */,
			);
			path = EjercicioNavControllerTests;
			sourceTree = "<group>";
		};
		80C9A23718D4CFE900B45DCD /* Supporting Files */ = {
			isa = PBXGroup;
			children = (
				80C9A23818D4CFE900B45DCD /* EjercicioNavControllerTests-Info.plist */,
				80C9A23918D4CFE900B45DCD /* InfoPlist.strings */,
			);
			name = "Supporting Files";
			sourceTree = "<group>";
		};
/* End PBXGroup section */

/* Begin PBXNativeTarget section */
		80C9A20D18D4CFE900B45DCD /* EjercicioNavController */ = {
			isa = PBXNativeTarget;
			buildConfigurationList = 80C9A24018D4CFE900B45DCD /* Build configuration list for PBXNativeTarget "EjercicioNavController" */;
			buildPhases = (
				80C9A20A18D4CFE900B45DCD /* Sources */,
				80C9A20B18D4CFE900B45DCD /* Frameworks */,
				80C9A20C18D4CFE900B45DCD /* Resources */,
			);
			buildRules = (
			);
			dependencies = (
			);
			name = EjercicioNavController;
			productName = EjercicioNavController;
			productReference = 80C9A20E18D4CFE900B45DCD /* EjercicioNavController.app */;
			productType = "com.apple.product-type.application";
		};
		80C9A22E18D4CFE900B45DCD /* EjercicioNavControllerTests */ = {
			isa = PBXNativeTarget;
			buildConfigurationList = 80C9A24318D4CFE900B45DCD /* Build configuration list for PBXNativeTarget "EjercicioNavControllerTests" */;
			buildPhases = (
				80C9A22B18D4CFE900B45DCD /* Sources */,
				80C9A22C18D4CFE900B45DCD /* Frameworks */,
				80C9A22D18D4CFE900B45DCD /* Resources */,
			);
			buildRules = (
			);
			dependencies = (
				80C9A23518D4CFE900B45DCD /* PBXTargetDependency */,
			);
			name = EjercicioNavControllerTests;
			productName = EjercicioNavControllerTests;
			productReference = 80C9A22F18D4CFE900B45DCD /* EjercicioNavControllerTests.xctest */;
			productType = "com.apple.product-type.bundle.unit-test";
		};
/* End PBXNativeTarget section */

/* Begin PBXProject section */
		80C9A20618D4CFE900B45DCD /* Project object */ = {
			isa = PBXProject;
			attributes = {
				LastUpgradeCheck = 0500;
				ORGANIZATIONNAME = "Franti Saúl Huamán Mera";
				TargetAttributes = {
					80C9A22E18D4CFE900B45DCD = {
						TestTargetID = 80C9A20D18D4CFE900B45DCD;
					};
				};
			};
			buildConfigurationList = 80C9A20918D4CFE900B45DCD /* Build configuration list for PBXProject "EjercicioNavController" */;
			compatibilityVersion = "Xcode 3.2";
			developmentRegion = English;
			hasScannedForEncodings = 0;
			knownRegions = (
				en,
				Base,
			);
			mainGroup = 80C9A20518D4CFE900B45DCD;
			productRefGroup = 80C9A20F18D4CFE900B45DCD /* Products */;
			projectDirPath = "";
			projectRoot = "";
			targets = (
				80C9A20D18D4CFE900B45DCD /* EjercicioNavController */,
				80C9A22E18D4CFE900B45DCD /* EjercicioNavControllerTests */,
			);
		};
/* End PBXProject section */

/* Begin PBXResourcesBuildPhase section */
		80C9A20C18D4CFE900B45DCD /* Resources */ = {
			isa = PBXResourcesBuildPhase;
			buildActionMask = 2147483647;
			files = (
				80C9A22A18D4CFE900B45DCD /* Images.xcassets in Resources */,
				80C9A21C18D4CFE900B45DCD /* InfoPlist.strings in Resources */,
				80C9A22518D4CFE900B45DCD /* Main.storyboard in Resources */,
			);
			runOnlyForDeploymentPostprocessing = 0;
		};
		80C9A22D18D4CFE900B45DCD /* Resources */ = {
			isa = PBXResourcesBuildPhase;
			buildActionMask = 2147483647;
			files = (
				80C9A23B18D4CFE900B45DCD /* InfoPlist.strings in Resources */,
			);
			runOnlyForDeploymentPostprocessing = 0;
		};
/* End PBXResourcesBuildPhase section */

/* Begin PBXSourcesBuildPhase section */
		80C9A20A18D4CFE900B45DCD /* Sources */ = {
			isa = PBXSourcesBuildPhase;
			buildActionMask = 2147483647;
			files = (
				80C9A22818D4CFE900B45DCD /* ViewController.m in Sources */,
				80C9A22218D4CFE900B45DCD /* AppDelegate.m in Sources */,
				80C9A24B18D4D14100B45DCD /* Flujo3ViewController.m in Sources */,
				80C9A24818D4D13500B45DCD /* Flujo2ViewController.m in Sources */,
				80C9A21E18D4CFE900B45DCD /* main.m in Sources */,
			);
			runOnlyForDeploymentPostprocessing = 0;
		};
		80C9A22B18D4CFE900B45DCD /* Sources */ = {
			isa = PBXSourcesBuildPhase;
			buildActionMask = 2147483647;
			files = (
				80C9A23D18D4CFE900B45DCD /* EjercicioNavControllerTests.m in Sources */,
			);
			runOnlyForDeploymentPostprocessing = 0;
		};
/* End PBXSourcesBuildPhase section */

/* Begin PBXTargetDependency section */
		80C9A23518D4CFE900B45DCD /* PBXTargetDependency */ = {
			isa = PBXTargetDependency;
			target = 80C9A20D18D4CFE900B45DCD /* EjercicioNavController */;
			targetProxy = 80C9A23418D4CFE900B45DCD /* PBXContainerItemProxy */;
		};
/* End PBXTargetDependency section */

/* Begin PBXVariantGroup section */
		80C9A21A18D4CFE900B45DCD /* InfoPlist.strings */ = {
			isa = PBXVariantGroup;
			children = (
				80C9A21B18D4CFE900B45DCD /* en */,
			);
			name = InfoPlist.strings;
			sourceTree = "<group>";
		};
		80C9A22318D4CFE900B45DCD /* Main.storyboard */ = {
			isa = PBXVariantGroup;
			children = (
				80C9A22418D4CFE900B45DCD /* Base */,
			);
			name = Main.storyboard;
			sourceTree = "<group>";
		};
		80C9A23918D4CFE900B45DCD /* InfoPlist.strings */ = {
			isa = PBXVariantGroup;
			children = (
				80C9A23A18D4CFE900B45DCD /* en */,
			);
			name = InfoPlist.strings;
			sourceTree = "<group>";
		};
/* End PBXVariantGroup section */

/* Begin XCBuildConfiguration section */
		80C9A23E18D4CFE900B45DCD /* Debug */ = {
			isa = XCBuildConfiguration;
			buildSettings = {
				ALWAYS_SEARCH_USER_PATHS = NO;
				ARCHS = "$(ARCHS_STANDARD_INCLUDING_64_BIT)";
				CLANG_CXX_LANGUAGE_STANDARD = "gnu++0x";
				CLANG_CXX_LIBRARY = "libc++";
				CLANG_ENABLE_MODULES = YES;
				CLANG_ENABLE_OBJC_ARC = YES;
				CLANG_WARN_BOOL_CONVERSION = YES;
				CLANG_WARN_CONSTANT_CONVERSION = YES;
				CLANG_WARN_DIRECT_OBJC_ISA_USAGE = YES_ERROR;
				CLANG_WARN_EMPTY_BODY = YES;
				CLANG_WARN_ENUM_CONVERSION = YES;
				CLANG_WARN_INT_CONVERSION = YES;
				CLANG_WARN_OBJC_ROOT_CLASS = YES_ERROR;
				CLANG_WARN__DUPLICATE_METHOD_MATCH = YES;
				"CODE_SIGN_IDENTITY[sdk=iphoneos*]" = "iPhone Developer";
				COPY_PHASE_STRIP = NO;
				GCC_C_LANGUAGE_STANDARD = gnu99;
				GCC_DYNAMIC_NO_PIC = NO;
				GCC_OPTIMIZATION_LEVEL = 0;
				GCC_PREPROCESSOR_DEFINITIONS = (
					"DEBUG=1",
					"$(inherited)",
				);
				GCC_SYMBOLS_PRIVATE_EXTERN = NO;
				GCC_WARN_64_TO_32_BIT_CONVERSION = YES;
				GCC_WARN_ABOUT_RETURN_TYPE = YES_ERROR;
				GCC_WARN_UNDECLARED_SELECTOR = YES;
				GCC_WARN_UNINITIALIZED_AUTOS = YES;
				GCC_WARN_UNUSED_FUNCTION = YES;
				GCC_WARN_UNUSED_VARIABLE = YES;
				IPHONEOS_DEPLOYMENT_TARGET = 7.0;
				ONLY_ACTIVE_ARCH = YES;
				SDKROOT = iphoneos;
			};
			name = Debug;
		};
		80C9A23F18D4CFE900B45DCD /* Release */ = {
			isa = XCBuildConfiguration;
			buildSettings = {
				ALWAYS_SEARCH_USER_PATHS = NO;
				ARCHS = "$(ARCHS_STANDARD_INCLUDING_64_BIT)";
				CLANG_CXX_LANGUAGE_STANDARD = "gnu++0x";
				CLANG_CXX_LIBRARY = "libc++";
				CLANG_ENABLE_MODULES = YES;
				CLANG_ENABLE_OBJC_ARC = YES;
				CLANG_WARN_BOOL_CONVERSION = YES;
				CLANG_WARN_CONSTANT_CONVERSION = YES;
				CLANG_WARN_DIRECT_OBJC_ISA_USAGE = YES_ERROR;
				CLANG_WARN_EMPTY_BODY = YES;
				CLANG_WARN_ENUM_CONVERSION = YES;
				CLANG_WARN_INT_CONVERSION = YES;
				CLANG_WARN_OBJC_ROOT_CLASS = YES_ERROR;
				CLANG_WARN__DUPLICATE_METHOD_MATCH = YES;
				"CODE_SIGN_IDENTITY[sdk=iphoneos*]" = "iPhone Developer";
				COPY_PHASE_STRIP = YES;
				ENABLE_NS_ASSERTIONS = NO;
				GCC_C_LANGUAGE_STANDARD = gnu99;
				GCC_WARN_64_TO_32_BIT_CONVERSION = YES;
				GCC_WARN_ABOUT_RETURN_TYPE = YES_ERROR;
				GCC_WARN_UNDECLARED_SELECTOR = YES;
				GCC_WARN_UNINITIALIZED_AUTOS = YES;
				GCC_WARN_UNUSED_FUNCTION = YES;
				GCC_WARN_UNUSED_VARIABLE = YES;
				IPHONEOS_DEPLOYMENT_TARGET = 7.0;
				SDKROOT = iphoneos;
				VALIDATE_PRODUCT = YES;
			};
			name = Release;
		};
		80C9A24118D4CFE900B45DCD /* Debug */ = {
			isa = XCBuildConfiguration;
			buildSettings = {
				ASSETCATALOG_COMPILER_APPICON_NAME = AppIcon;
				ASSETCATALOG_COMPILER_LAUNCHIMAGE_NAME = LaunchImage;
				GCC_PRECOMPILE_PREFIX_HEADER = YES;
				GCC_PREFIX_HEADER = "EjercicioNavController/EjercicioNavController-Prefix.pch";
				INFOPLIST_FILE = "EjercicioNavController/EjercicioNavController-Info.plist";
				PRODUCT_NAME = "$(TARGET_NAME)";
				WRAPPER_EXTENSION = app;
			};
			name = Debug;
		};
		80C9A24218D4CFE900B45DCD /* Release */ = {
			isa = XCBuildConfiguration;
			buildSettings = {
				ASSETCATALOG_COMPILER_APPICON_NAME = AppIcon;
				ASSETCATALOG_COMPILER_LAUNCHIMAGE_NAME = LaunchImage;
				GCC_PRECOMPILE_PREFIX_HEADER = YES;
				GCC_PREFIX_HEADER = "EjercicioNavController/EjercicioNavController-Prefix.pch";
				INFOPLIST_FILE = "EjercicioNavController/EjercicioNavController-Info.plist";
				PRODUCT_NAME = "$(TARGET_NAME)";
				WRAPPER_EXTENSION = app;
			};
			name = Release;
		};
		80C9A24418D4CFE900B45DCD /* Debug */ = {
			isa = XCBuildConfiguration;
			buildSettings = {
				ARCHS = "$(ARCHS_STANDARD_INCLUDING_64_BIT)";
				BUNDLE_LOADER = "$(BUILT_PRODUCTS_DIR)/EjercicioNavController.app/EjercicioNavController";
				FRAMEWORK_SEARCH_PATHS = (
					"$(SDKROOT)/Developer/Library/Frameworks",
					"$(inherited)",
					"$(DEVELOPER_FRAMEWORKS_DIR)",
				);
				GCC_PRECOMPILE_PREFIX_HEADER = YES;
				GCC_PREFIX_HEADER = "EjercicioNavController/EjercicioNavController-Prefix.pch";
				GCC_PREPROCESSOR_DEFINITIONS = (
					"DEBUG=1",
					"$(inherited)",
				);
				INFOPLIST_FILE = "EjercicioNavControllerTests/EjercicioNavControllerTests-Info.plist";
				PRODUCT_NAME = "$(TARGET_NAME)";
				TEST_HOST = "$(BUNDLE_LOADER)";
				WRAPPER_EXTENSION = xctest;
			};
			name = Debug;
		};
		80C9A24518D4CFE900B45DCD /* Release */ = {
			isa = XCBuildConfiguration;
			buildSettings = {
				ARCHS = "$(ARCHS_STANDARD_INCLUDING_64_BIT)";
				BUNDLE_LOADER = "$(BUILT_PRODUCTS_DIR)/EjercicioNavController.app/EjercicioNavController";
				FRAMEWORK_SEARCH_PATHS = (
					"$(SDKROOT)/Developer/Library/Frameworks",
					"$(inherited)",
					"$(DEVELOPER_FRAMEWORKS_DIR)",
				);
				GCC_PRECOMPILE_PREFIX_HEADER = YES;
				GCC_PREFIX_HEADER = "EjercicioNavController/EjercicioNavController-Prefix.pch";
				INFOPLIST_FILE = "EjercicioNavControllerTests/EjercicioNavControllerTests-Info.plist";
				PRODUCT_NAME = "$(TARGET_NAME)";
				TEST_HOST = "$(BUNDLE_LOADER)";
				WRAPPER_EXTENSION = xctest;
			};
			name = Release;
		};
/* End XCBuildConfiguration section */

/* Begin XCConfigurationList section */
		80C9A20918D4CFE900B45DCD /* Build configuration list for PBXProject "EjercicioNavController" */ = {
			isa = XCConfigurationList;
			buildConfigurations = (
				80C9A23E18D4CFE900B45DCD /* Debug */,
				80C9A23F18D4CFE900B45DCD /* Release */,
			);
			defaultConfigurationIsVisible = 0;
			defaultConfigurationName = Release;
		};
		80C9A24018D4CFE900B45DCD /* Build configuration list for PBXNativeTarget "EjercicioNavController" */ = {
			isa = XCConfigurationList;
			buildConfigurations = (
				80C9A24118D4CFE900B45DCD /* Debug */,
				80C9A24218D4CFE900B45DCD /* Release */,
			);
			defaultConfigurationIsVisible = 0;
		};
		80C9A24318D4CFE900B45DCD /* Build configuration list for PBXNativeTarget "EjercicioNavControllerTests" */ = {
			isa = XCConfigurationList;
			buildConfigurations = (
				80C9A24418D4CFE900B45DCD /* Debug */,
				80C9A24518D4CFE900B45DCD /* Release */,
			);
			defaultConfigurationIsVisible = 0;
		};
/* End XCConfigurationList section */
	};
	rootObject = 80C9A20618D4CFE900B45DCD /* Project object */;
}
